{
  "name": "assets",
  "lockfileVersion": 3,
  "requires": true,
  "packages": {
    "": {
      "dependencies": {
        "@preline/overlay": "^1.4.0",
        "@preline/tooltip": "^1.5.0",
        "swiper": "^10.1.0"
      }
    },
    "node_modules/@preline/overlay": {
      "version": "1.4.0",
      "resolved": "https://registry.npmjs.org/@preline/overlay/-/overlay-1.4.0.tgz",
      "integrity": "sha512-K3Ybp1jGkonimWIlS986Lzz/4ezuYNqQNTK2ZS0tDka69hzutA10CraAeflEHG2A1n7EzWkZE1vjLuy7s7pgjg=="
    },
    "node_modules/@preline/tooltip": {
      "version": "1.5.0",
      "resolved": "https://registry.npmjs.org/@preline/tooltip/-/tooltip-1.5.0.tgz",
      "integrity": "sha512-dF0to1r5HnPUrc223smSq3wCzzPo8IkMRWRKrRRd9vKJtgHG8LQBH51A8T4OD9YqRatVwXsUS1bvdmtSJzUSow=="
    },
    "node_modules/swiper": {
      "version": "10.1.0",
      "resolved": "https://registry.npmjs.org/swiper/-/swiper-10.1.0.tgz",
      "integrity": "sha512-E+wh+hcSbwlRfXuwBTclcOOikOjNdSF0a2Sdg3J4cIWtHO64A7SaLRfezfrJ67CW3GEc15AduYU2YKlElsjqsQ==",
      "funding": [
        {
          "type": "patreon",
          "url": "https://www.patreon.com/swiperjs"
        },
        {
          "type": "open_collective",
          "url": "http://opencollective.com/swiper"
        }
      ],
      "engines": {
        "node": ">= 4.7.0"
      }
    }
  }
}
